
Microsoft Visual Studio Solution File, Format Version 12.00
# Visual Studio Version 16
VisualStudioVersion = 16.0.30413.136
MinimumVisualStudioVersion = 10.0.40219.1
Project("{8BC9CEB8-8B4A-11D0-8D11-00A0C91BC942}") = "OnnxSampleOnCppCLI", "OnnxSampleOnCppCLI\OnnxSampleOnCppCLI.vcxproj", "{BBA8B8D8-922D-469E-85F1-BD19FFCEE156}"
EndProject
Global
	GlobalSection(SolutionConfigurationPlatforms) = preSolution
		Debug|x64 = Debug|x64
		Debug|x86 = Debug|x86
		Release|x64 = Release|x64
		Release|x86 = Release|x86
	EndGlobalSection
	GlobalSection(ProjectConfigurationPlatforms) = postSolution
		{BBA8B8D8-922D-469E-85F1-BD19FFCEE156}.Debug|x64.ActiveCfg = Debug|x64
		{BBA8B8D8-922D-469E-85F1-BD19FFCEE156}.Debug|x64.Build.0 = Debug|x64
		{BBA8B8D8-922D-469E-85F1-BD19FFCEE156}.Debug|x86.ActiveCfg = Debug|Win32
		{BBA8B8D8-922D-469E-85F1-BD19FFCEE156}.Debug|x86.Build.0 = Debug|Win32
		{BBA8B8D8-922D-469E-85F1-BD19FFCEE156}.Release|x64.ActiveCfg = Release|x64
		{BBA8B8D8-922D-469E-85F1-BD19FFCEE156}.Release|x64.Build.0 = Release|x64
		{BBA8B8D8-922D-469E-85F1-BD19FFCEE156}.Release|x86.ActiveCfg = Release|Win32
		{BBA8B8D8-922D-469E-85F1-BD19FFCEE156}.Release|x86.Build.0 = Release|Win32
	EndGlobalSection
	GlobalSection(SolutionProperties) = preSolution
		HideSolutionNode = FALSE
	EndGlobalSection
	GlobalSection(ExtensibilityGlobals) = postSolution
		SolutionGuid = {50876BD2-184B-48F1-8AB4-6FF8F15BADD5}
	EndGlobalSection
EndGlobal
